
Microsoft Visual Studio Solution File, Format Version 11.00
# Visual Studio 2010
Project("{8BC9CEB8-8B4A-11D0-8D11-00A0C91BC942}") = "libst", "libst.vcxproj", "{F88623DD-5E48-1A6F-BAF4-38F0CF2DC35B}"
EndProject
Global
	GlobalSection(SolutionConfigurationPlatforms) = preSolution
		Debug|Win32 = Debug|Win32
		Release|Win32 = Release|Win32
	EndGlobalSection
	GlobalSection(ProjectConfigurationPlatforms) = postSolution
		{F88623DD-5E48-1A6F-BAF4-38F0CF2DC35B}.Debug|Win32.ActiveCfg = Debug|Win32
		{F88623DD-5E48-1A6F-BAF4-38F0CF2DC35B}.Debug|Win32.Build.0 = Debug|Win32
		{F88623DD-5E48-1A6F-BAF4-38F0CF2DC35B}.Release|Win32.ActiveCfg = Release|Win32
		{F88623DD-5E48-1A6F-BAF4-38F0CF2DC35B}.Release|Win32.Build.0 = Release|Win32
	EndGlobalSection
	GlobalSection(SolutionProperties) = preSolution
		HideSolutionNode = FALSE
	EndGlobalSection
EndGlobal
